<?xml version="1.0" encoding="utf-8"?>
<Project ToolsVersion="4.0" xmlns="http://schemas.microsoft.com/developer/msbuild/2003">
  <ItemGroup>
    <Filter Include="Scene">
      <UniqueIdentifier>{15e72bf4-f2ad-466b-a1e3-9bd4655a9743}</UniqueIdentifier>
    </Filter>
    <Filter Include="Character">
      <UniqueIdentifier>{b5c7d46e-84cc-4ba2-ab07-c18042116817}</UniqueIdentifier>
    </Filter>
    <Filter Include="Main">
      <UniqueIdentifier>{58925249-bc54-4242-8665-5ebedecf20fb}</UniqueIdentifier>
    </Filter>
    <Filter Include="Animation">
      <UniqueIdentifier>{f5ee6258-708a-4051-8782-76de56049288}</UniqueIdentifier>
    </Filter>
    <Filter Include="PlayerState_Move">
      <UniqueIdentifier>{f8a3ebc2-a6b4-405a-b5a2-f992e7b3ef00}</UniqueIdentifier>
    </Filter>
    <Filter Include="PlayerState_Action">
      <UniqueIdentifier>{9b035f07-87b3-4d49-802d-4455686c5006}</UniqueIdentifier>
    </Filter>
    <Filter Include="GameObject">
      <UniqueIdentifier>{2dee3c97-bd08-4f6d-9c62-0f4a53303ff5}</UniqueIdentifier>
    </Filter>
    <Filter Include="GameObject\Weapon">
      <UniqueIdentifier>{c10c77d7-ee69-4b17-ae9d-8accd83446c9}</UniqueIdentifier>
    </Filter>
    <Filter Include="Enemy1State">
      <UniqueIdentifier>{cc8dd396-55ee-440d-b9bf-8055ad6809a3}</UniqueIdentifier>
    </Filter>
  </ItemGroup>
  <ItemGroup>
    <ClCompile Include="Map1Scene.cpp">
      <Filter>Scene</Filter>
    </ClCompile>
    <ClCompile Include="Map2Scene.cpp">
      <Filter>Scene</Filter>
    </ClCompile>
    <ClCompile Include="Map3Scene.cpp">
      <Filter>Scene</Filter>
    </ClCompile>
    <ClCompile Include="StartScene.cpp">
      <Filter>Scene</Filter>
    </ClCompile>
    <ClCompile Include="Character.cpp">
      <Filter>Character</Filter>
    </ClCompile>
    <ClCompile Include="Player.cpp">
      <Filter>Character</Filter>
    </ClCompile>
    <ClCompile Include="MainApp.cpp">
      <Filter>Main</Filter>
    </ClCompile>
    <ClCompile Include="Main.cpp">
      <Filter>Main</Filter>
    </ClCompile>
    <ClCompile Include="EndScene.cpp">
      <Filter>Scene</Filter>
    </ClCompile>
    <ClCompile Include="Animator.cpp">
      <Filter>Animation</Filter>
    </ClCompile>
    <ClCompile Include="AnimationClip.cpp">
      <Filter>Animation</Filter>
    </ClCompile>
    <ClCompile Include="Idle_Player.cpp">
      <Filter>PlayerState_Move</Filter>
    </ClCompile>
    <ClCompile Include="Walk_Player.cpp">
      <Filter>PlayerState_Move</Filter>
    </ClCompile>
    <ClCompile Include="Jump_Player.cpp">
      <Filter>PlayerState_Move</Filter>
    </ClCompile>
    <ClCompile Include="Run_Player.cpp">
      <Filter>PlayerState_Move</Filter>
    </ClCompile>
    <ClCompile Include="Attack_Action_Player.cpp">
      <Filter>PlayerState_Action</Filter>
    </ClCompile>
    <ClCompile Include="AttackCombo_Action_Player.cpp">
      <Filter>PlayerState_Action</Filter>
    </ClCompile>
    <ClCompile Include="Throw_Action_Player.cpp">
      <Filter>PlayerState_Action</Filter>
    </ClCompile>
    <ClCompile Include="Weapon.cpp">
      <Filter>GameObject\Weapon</Filter>
    </ClCompile>
    <ClCompile Include="Enemy1.cpp">
      <Filter>Character</Filter>
    </ClCompile>
    <ClCompile Include="Walk_Enemy1.cpp">
      <Filter>Enemy1State</Filter>
    </ClCompile>
  </ItemGroup>
  <ItemGroup>
    <ClInclude Include="Map1Scene.h">
      <Filter>Scene</Filter>
    </ClInclude>
    <ClInclude Include="Map2Scene.h">
      <Filter>Scene</Filter>
    </ClInclude>
    <ClInclude Include="Map3Scene.h">
      <Filter>Scene</Filter>
    </ClInclude>
    <ClInclude Include="StartScene.h">
      <Filter>Scene</Filter>
    </ClInclude>
    <ClInclude Include="Player.h">
      <Filter>Character</Filter>
    </ClInclude>
    <ClInclude Include="Character.h">
      <Filter>Character</Filter>
    </ClInclude>
    <ClInclude Include="MainApp.h">
      <Filter>Main</Filter>
    </ClInclude>
    <ClInclude Include="Main.h">
      <Filter>Main</Filter>
    </ClInclude>
    <ClInclude Include="framework.h">
      <Filter>Main</Filter>
    </ClInclude>
    <ClInclude Include="Resource.h">
      <Filter>Main</Filter>
    </ClInclude>
    <ClInclude Include="targetver.h">
      <Filter>Main</Filter>
    </ClInclude>
    <ClInclude Include="EndScene.h">
      <Filter>Scene</Filter>
    </ClInclude>
    <ClInclude Include="PlayerState.h">
      <Filter>PlayerState_Move</Filter>
    </ClInclude>
    <ClInclude Include="Animator.h">
      <Filter>Animation</Filter>
    </ClInclude>
    <ClInclude Include="AnimationClip.h">
      <Filter>Animation</Filter>
    </ClInclude>
    <ClInclude Include="Idle_Player.h">
      <Filter>PlayerState_Move</Filter>
    </ClInclude>
    <ClInclude Include="Walk_Player.h">
      <Filter>PlayerState_Move</Filter>
    </ClInclude>
    <ClInclude Include="Jump_Player.h">
      <Filter>PlayerState_Move</Filter>
    </ClInclude>
    <ClInclude Include="Run_Player.h">
      <Filter>PlayerState_Move</Filter>
    </ClInclude>
    <ClInclude Include="PlayerActionState.h">
      <Filter>PlayerState_Action</Filter>
    </ClInclude>
    <ClInclude Include="Idle_Action_Player.h">
      <Filter>PlayerState_Action</Filter>
    </ClInclude>
    <ClInclude Include="Attack_Action_Player.h">
      <Filter>PlayerState_Action</Filter>
    </ClInclude>
    <ClInclude Include="AttackCombo_Action_Player.h">
      <Filter>PlayerState_Action</Filter>
    </ClInclude>
    <ClInclude Include="Throw_Action_Player.h">
      <Filter>PlayerState_Action</Filter>
    </ClInclude>
    <ClInclude Include="Weapon.h">
      <Filter>GameObject\Weapon</Filter>
    </ClInclude>
    <ClInclude Include="Enemy1.h">
      <Filter>Character</Filter>
    </ClInclude>
    <ClInclude Include="Walk_Enemy1.h">
      <Filter>Enemy1State</Filter>
    </ClInclude>
    <ClInclude Include="Enemy1State.h">
      <Filter>Enemy1State</Filter>
    </ClInclude>
  </ItemGroup>
</Project>